
Microsoft Visual Studio Solution File, Format Version 12.00
# Visual Studio Version 17
VisualStudioVersion = 17.11.35327.3
MinimumVisualStudioVersion = 10.0.40219.1
Project("{FAE04EC0-301F-11D3-BF4B-00C04F79EFBC}") = "coupa.assignments", "coupa.assignments.csproj", "{D5536B65-C5EC-40E7-B9C0-26F8A1C54FA7}"
EndProject
Global
	GlobalSection(SolutionConfigurationPlatforms) = preSolution
		Debug|Any CPU = Debug|Any CPU
		Release|Any CPU = Release|Any CPU
	EndGlobalSection
	GlobalSection(ProjectConfigurationPlatforms) = postSolution
		{D5536B65-C5EC-40E7-B9C0-26F8A1C54FA7}.Debug|Any CPU.ActiveCfg = Debug|Any CPU
		{D5536B65-C5EC-40E7-B9C0-26F8A1C54FA7}.Debug|Any CPU.Build.0 = Debug|Any CPU
		{D5536B65-C5EC-40E7-B9C0-26F8A1C54FA7}.Release|Any CPU.ActiveCfg = Release|Any CPU
		{D5536B65-C5EC-40E7-B9C0-26F8A1C54FA7}.Release|Any CPU.Build.0 = Release|Any CPU
	EndGlobalSection
	GlobalSection(SolutionProperties) = preSolution
		HideSolutionNode = FALSE
	EndGlobalSection
	GlobalSection(ExtensibilityGlobals) = postSolution
		SolutionGuid = {89CFA43A-4A9C-405E-932A-93397B7EBE91}
	EndGlobalSection
EndGlobal
